
Microsoft Visual Studio Solution File, Format Version 12.00
# Visual Studio Version 17
VisualStudioVersion = 17.10.35122.118
MinimumVisualStudioVersion = 10.0.40219.1
Project("{FAE04EC0-301F-11D3-BF4B-00C04F79EFBC}") = "Functions", "Functions\Functions.csproj", "{FC916926-DB6A-4AD7-9C6D-46ECCAAA3CF7}"
EndProject
Global
	GlobalSection(SolutionConfigurationPlatforms) = preSolution
		Debug|Any CPU = Debug|Any CPU
		Release|Any CPU = Release|Any CPU
	EndGlobalSection
	GlobalSection(ProjectConfigurationPlatforms) = postSolution
		{FC916926-DB6A-4AD7-9C6D-46ECCAAA3CF7}.Debug|Any CPU.ActiveCfg = Debug|Any CPU
		{FC916926-DB6A-4AD7-9C6D-46ECCAAA3CF7}.Debug|Any CPU.Build.0 = Debug|Any CPU
		{FC916926-DB6A-4AD7-9C6D-46ECCAAA3CF7}.Release|Any CPU.ActiveCfg = Release|Any CPU
		{FC916926-DB6A-4AD7-9C6D-46ECCAAA3CF7}.Release|Any CPU.Build.0 = Release|Any CPU
	EndGlobalSection
	GlobalSection(SolutionProperties) = preSolution
		HideSolutionNode = FALSE
	EndGlobalSection
	GlobalSection(ExtensibilityGlobals) = postSolution
		SolutionGuid = {A169C4E5-1D7F-40F5-A455-880E903A8231}
	EndGlobalSection
EndGlobal
