
Microsoft Visual Studio Solution File, Format Version 12.00
# Visual Studio Version 17
VisualStudioVersion = 17.10.35122.118
MinimumVisualStudioVersion = 10.0.40219.1
Project("{FAE04EC0-301F-11D3-BF4B-00C04F79EFBC}") = "ArraysAndLoops", "ArraysAndLoops\ArraysAndLoops.csproj", "{145D569F-BECD-4ACE-89F7-8F68B92DB86B}"
EndProject
Global
	GlobalSection(SolutionConfigurationPlatforms) = preSolution
		Debug|Any CPU = Debug|Any CPU
		Release|Any CPU = Release|Any CPU
	EndGlobalSection
	GlobalSection(ProjectConfigurationPlatforms) = postSolution
		{145D569F-BECD-4ACE-89F7-8F68B92DB86B}.Debug|Any CPU.ActiveCfg = Debug|Any CPU
		{145D569F-BECD-4ACE-89F7-8F68B92DB86B}.Debug|Any CPU.Build.0 = Debug|Any CPU
		{145D569F-BECD-4ACE-89F7-8F68B92DB86B}.Release|Any CPU.ActiveCfg = Release|Any CPU
		{145D569F-BECD-4ACE-89F7-8F68B92DB86B}.Release|Any CPU.Build.0 = Release|Any CPU
	EndGlobalSection
	GlobalSection(SolutionProperties) = preSolution
		HideSolutionNode = FALSE
	EndGlobalSection
	GlobalSection(ExtensibilityGlobals) = postSolution
		SolutionGuid = {C1160EF7-8380-44F9-B570-28F5D58CB407}
	EndGlobalSection
EndGlobal
